# Generated from one reviewed cp312/Linux x86_64 wheelhouse.
# Install only with --no-index --require-hashes --only-binary=:all:.
aiohappyeyeballs==2.7.1 \
    --hash=sha256:9243213661e29250eb41368e5daa826fc017156c3b8a11440826b2e3ed376472
aiohttp==3.14.3 \
    --hash=sha256:543906c127fb1d929b95076db19b83fa2d46751006ff1e23b093aa5ac4d8db42
aioitertools==0.13.0 \
    --hash=sha256:0be0292b856f08dfac90e31f4739432f4cb6d7520ab9eb73e143f4f2fa5259be
aiosignal==1.4.0 \
    --hash=sha256:053243f8b92b990551949e63930a839ff0cf0b0ebbe0597b0f3fb19e1a0fe82e
annotated-doc==0.0.5 \
    --hash=sha256:117bac03a25ede5df5440e855b32d556049ca169ead221505badf432fed4b101
annotated-types==0.8.0 \
    --hash=sha256:f072f4d804ea359e4eaf198b1af7a8b0943881a87f31bb764f8bf219bb9419e0
anyio==4.14.2 \
    --hash=sha256:9f505dda5ac9f0c8309b5e8bd445a8c2bf7246f3ce950121e45ea15bc41d1494
arro3-core==0.8.1 \
    --hash=sha256:f4082c6bbff7f164619d99dffcbc2313ed69024653a9e58d9f94cc65d9226f6c
ase==3.28.0 \
    --hash=sha256:0e24056302d7307b7247f90de281de15e3031c14cf400bedb1116c3b0d0e50b8
atomate2==0.1.5 \
    --hash=sha256:a117820b2a61d85ebe4b9aa5ed1d92dabcbca98713c9c487279b50c5a484920d
attrs==26.1.0 \
    --hash=sha256:c647aa4a12dfbad9333ca4e71fe62ddc36f4e63b2d260a37a8b83d2f043ac309
azure-core==1.41.0 \
    --hash=sha256:522b4011e8180b1a3dcd2024396a4e7fe9ac37fb8597db47163d230b5efe892d
azure-identity==1.25.3 \
    --hash=sha256:f4d0b956a8146f30333e071374171f3cfa7bdb8073adb8c3814b65567aa7447c
azure-storage-blob==12.30.1 \
    --hash=sha256:7dc09c37f4f58508e20532b4b4c178f4763f41b01e0b9063835b994fd9d2a7b3
bcrypt==5.0.0 \
    --hash=sha256:611f0a17aa4a25a69362dcc299fda5c8a3d4f160e2abb3831041feb77393a14a
blake3==1.0.9 \
    --hash=sha256:bcd56a7a972c4185070f7042ccc20166927eec3c0f98b8405f375d007b604a0b
blosc2==4.11.0 \
    --hash=sha256:d17cb079973e0843e669cbd553be7e7e33ce815efb6a3f1f9f2167e41f1bf1ac
boto3==1.43.83 \
    --hash=sha256:73a3564f737d4516625964eee709a498fa98ccee6aca929febad2b0b5fbeae1e
botocore==1.43.83 \
    --hash=sha256:bf75a6cf587c22d968e43e79fe122c39f82deafbe9c3422bc5d3e80b6210fc98
certifi==2026.7.22 \
    --hash=sha256:62f22742b58a1a33014a2b6b706588a8d7e2a88ae7bd1a6ebe8c992928483775
cffi==2.1.1 \
    --hash=sha256:c1453022f490d2459a11819d83ad1d586e9ff65a12ac3e705ffebd46d3685dcf
charset-normalizer==3.5.1 \
    --hash=sha256:b9af956078716df40d985fb0dfeb2c2120c5ca92ba4ff4b388acfd01cdc14d08
click==8.5.0 \
    --hash=sha256:255bc9599cf7748b4b1a446ccc735421bd08a2ae529a8b88597d3de5664ee360
contourpy==1.3.3 \
    --hash=sha256:4d00e655fcef08aba35ec9610536bfe90267d7ab5ba944f7032549c55a146da1
cryptography==50.0.1 \
    --hash=sha256:51afcfceb15597cf2635068e4ac9a56b2abde622edde17f37d85fd7b5306497a
custodian==2025.12.14 \
    --hash=sha256:a028c71746eefb1f5e72ed73805149465d8bd8ca835ed7abd2d3ec92b5ca3be2
cycler==0.12.1 \
    --hash=sha256:85cef7cff222d8644161529808465972e51340599459b8ac3ccbac5a854e0d30
deltalake==1.5.1 \
    --hash=sha256:96c00b7334f19d6e71e184b333ac85bb6c61ddfb1e14dc276f99f6c62061c13b
deprecated==1.3.1 \
    --hash=sha256:597bfef186b6f60181535a29fbe44865ce137a5079f295b479886c82729d5f3f
dnspython==2.8.0 \
    --hash=sha256:01d9bbc4a2d76bf0db7c1f729812ded6d912bd318d3b1cf81d30c0f845dbf3af
e3nn==0.6.0 \
    --hash=sha256:24243cf77578f1872a5240a956563ba873d3de0c73459ac7dc3d09061c513dc3
emmet-core==0.87.2 \
    --hash=sha256:a1b0ea1c322d306f8a59bf94d596149d6c37ba63b79bac899b483d8bd4ff3393
filelock==3.32.4 \
    --hash=sha256:22e58ca3b1ae3b98993b762d7338367ae64fe50252bf78d59da3bfebcdf1cedd
fonttools==4.63.0 \
    --hash=sha256:58dc6bb86a78d782f00f9190ca02c119cf5bbe2807536e361e18d42019f877d8
frozenlist==1.8.0 \
    --hash=sha256:494a5952b1c597ba44e0e78113a7266e656b9794eec897b19ead706bd7074383
fsspec==2026.7.0 \
    --hash=sha256:b57ddbafedfaef7018c1ecab32aa200a9d7ca26b77965f64e48b70061249d279
h11==0.16.0 \
    --hash=sha256:63cf8bbe7522de3bf65932fda1d9c2772064ffb3dae62d55932da54b31cb6c86
h2==4.4.1 \
    --hash=sha256:0e25f1462b23c9cb82d9eb02e28bc706dac2a68cb457c6a0d74d63c8a2a5d0e6
h5py==3.16.0 \
    --hash=sha256:dfc21898ff025f1e8e67e194965a95a8d4754f452f83454538f98f8a3fcb207e
hpack==4.2.0 \
    --hash=sha256:858ac0b02280fa582b5080d68db0899c62a80375e0e5413a74970c5e518b6986
httpcore==1.0.9 \
    --hash=sha256:2d400746a40668fc9dec9810239072b40b4484b640a8c38fd654a024c7a1bf55
httpx==0.28.1 \
    --hash=sha256:d909fcccc110f8c7faf814ca82a9a4d816bc5a6dbfea25d6591d6985b8ba59ad
hyperframe==6.1.0 \
    --hash=sha256:b03380493a519fce58ea5af42e4a42317bf9bd425596f7a0835ffce80f1a42e5
idna==3.19 \
    --hash=sha256:815e7be7a7806d54abb586dc943addc79e8b2ee16915059658cbeff4b1b43bf4
inflect==7.5.0 \
    --hash=sha256:2aea70e5e70c35d8350b8097396ec155ffd68def678c7ff97f51aa69c1d92344
invoke==3.0.3 \
    --hash=sha256:f11327165e5cbb89b2ad1d88d3292b5113332c43b8553b494da435d6ec6f5053
isodate==0.7.2 \
    --hash=sha256:28009937d8031054830160fce6d409ed342816b543597cece116d966c6d99e15
jinja2==3.1.6 \
    --hash=sha256:85ece4451f492d0c13c5dd7c13a64681a86afae63a5f347908daf103ce6d2f67
jmespath==1.1.0 \
    --hash=sha256:a5663118de4908c91729bea0acadca56526eb2698e83de10cd116ae0f4e97c64
jobflow==0.3.1 \
    --hash=sha256:2afb10eddad737eccc0cceaee9884405ed6818f003a74288b3740bd9a4da4470
joblib==1.5.3 \
    --hash=sha256:5fc3c5039fc5ca8c0276333a188bbd59d6b7ab37fe6632daa76bc7f9ec18e713
jsonlines==4.0.0 \
    --hash=sha256:185b334ff2ca5a91362993f42e83588a360cf95ce4b71a73548502bda52a7c55
jsonschema==4.26.0 \
    --hash=sha256:d489f15263b8d200f8387e64b4c3a75f06629559fb73deb8fdfb525f2dab50ce
jsonschema-specifications==2025.9.1 \
    --hash=sha256:98802fee3a11ee76ecaca44429fda8a41bff98b00a0f2838151b113f210cc6fe
kiwisolver==1.5.1 \
    --hash=sha256:34633ecf50d16187ab8e5528b7a2530f2feb4e23f300db4672538b51cfc5cd38
latexcodec==3.0.1 \
    --hash=sha256:a9eb8200bff693f0437a69581f7579eb6bca25c4193515c09900ce76451e452e
lightning-utilities==0.15.3 \
    --hash=sha256:6c55f1bee70084a1cbeaa41ada96e4b3a0fea5909e844dd335bd80f5a73c5f91
loguru==0.7.3 \
    --hash=sha256:31a33c10c8e1e10422bfd431aeb5d351c7cf7fa671e3c4df004162264b28220c
maggma==0.74.0 \
    --hash=sha256:cba0fe6e10d0e99136c092319344d5a4ee221005e35749a67c9cd6b32f543b37
markdown-it-py==4.2.0 \
    --hash=sha256:9f7ebbcd14fe59494226453aed97c1070d83f8d24b6fc3a3bcf9a38092641c4a
markupsafe==3.0.3 \
    --hash=sha256:d6dd0be5b5b189d31db7cda48b91d7e0a9795f31430b7f271219ab30f1d3ac9d
matplotlib==3.11.1 \
    --hash=sha256:ba8f811b8ddfac493734d6af0b2dff96919d0c28ca0d641858dab4262777c6ea
mattersim==1.2.5 \
    --hash=sha256:1b5e46ba56efa5c1e93372ad32321300fa5e1f07dd9188a11b727bd578cf8d7f
mdurl==0.1.2 \
    --hash=sha256:84008a41e51615a49fc9966191ff91509e3c40b939176e643fd50a5c2196b8f8
mongomock-ng==7.11.1 \
    --hash=sha256:8ecb2ab36dcd47266aa83ec6d53bbf93c14b40e27cd0a8d4475372a4e1e0ed42
monty==2026.7.16 \
    --hash=sha256:fadd48f18135128a6042d7efe80e301d5658178d441cb1e80a7d6624bd8e114d
more-itertools==11.1.0 \
    --hash=sha256:4b65538ae22f6fed0ce4874efd317463a7489796a0939fa66824dd542125a192
mp-api==0.46.5 \
    --hash=sha256:d957e940926781a0e1b58cca5fb9dfb2802d1c92ef3ea3c698025ee6ec01e8b0
mpmath==1.3.0 \
    --hash=sha256:a0b2b9fe80bbcd81a6647ff13108738cfb482d481d826cc0e02f5b35e5c88d2c
msal==1.38.0 \
    --hash=sha256:765b9b98b6aa380ee8b8f1c75636e08863edaf0a953498955bd668650dde5d49
msal-extensions==1.3.1 \
    --hash=sha256:96d3de4d034504e969ac5e85bae8106c8373b5c6568e4c8fa7af2eca9dbe6bca
msgpack==1.2.2 \
    --hash=sha256:77c2e018417dc1d66f235e383877ee885b60ade9d29e494dd581e08af2cb1923
multidict==6.7.1 \
    --hash=sha256:bfde23ef6ed9db7eaee6c37dcec08524cb43903c60b285b172b6c094711b3961
narwhals==2.25.0 \
    --hash=sha256:1f0f403e8c7e4463cde9bfe78b12fdd809e3ae3dda6d9b2f802934fb9c7a6a8f
ndindex==1.10.1 \
    --hash=sha256:03cf1e6cdac876bd8fc92d3b65bb223496b1581d10eab3ba113f7c195121a959
networkx==3.6.1 \
    --hash=sha256:d47fbf302e7d9cbbb9e2555a0d267983d2aa476bac30e90dfbe5669bd57f3762
numexpr==2.14.2 \
    --hash=sha256:d6a5d8fc7016bf6f6e1808b011510aa7c3bd75ec1407f7650874ec591db59f5e
numpy==2.5.2 \
    --hash=sha256:3cdec01fa790a186d430433fdd4d4ffb70eed6f0eeb4bf05c8dbe2dce0a9bcb8
nvalchemi-toolkit-ops==0.4.1 \
    --hash=sha256:f2f1e195f90d7a27ec52c26484ef727d734cc34cab15d45a3a38e2077c046c88
opentelemetry-api==1.44.0 \
    --hash=sha256:94b98c893a91b88657eaac1e3ba89618cdb85be6918196705354f34728b2cdef
opt-einsum==3.4.0 \
    --hash=sha256:69bb92469f86a1565195ece4ac0323943e83477171b91d24c35afe028a90d7cd
opt-einsum-fx==0.1.4 \
    --hash=sha256:85f489f4c7c31fd88d5faf9669c09e61ec37a30098809fdcfe2a08a9e42f23c9
orjson==3.12.0 \
    --hash=sha256:1192a7021b6d071aaf909864f6e924d6a2675ca360485b972b8401749311750b
packaging==26.3 \
    --hash=sha256:d7193f7c8e4e93f444fde0262bf90af30e16fa0ad0ad44cb553c87339b23cd1c
palettable==3.3.3 \
    --hash=sha256:74e9e7d7fe5a9be065e02397558ed1777b2df0b793a6f4ce1a5ee74f74fb0caa
pandas==3.0.5 \
    --hash=sha256:d373ce03ffd84010ed9839fa73672a9c8256990532e158440c0085db7d914b34
paramiko==5.0.0 \
    --hash=sha256:b7044611c30140d9a75261653210e2002977b71a0497ff3ba0d98d7edbf62f7c
phono3py==4.4.0 \
    --hash=sha256:301283b90dcb73686f1bcef56bec1790dab468387483b9d2d9ad91e2272c167c
phonopy==4.4.0 \
    --hash=sha256:14b7e5b1f83121462f6c5230839e9859d0a08f3c15ce14bb27105053c5dcb00d
phonors==0.3.0 \
    --hash=sha256:591776ff7b66ff4997cd10b49636e0d0aba57fcb2e2af5c33edcbc1f90c35f9f
pillow==12.3.0 \
    --hash=sha256:78cb2c6865a35ab8ff8b75fd122f6033b92a62c82801110e48ddd6c936a45d91
platformdirs==4.11.5 \
    --hash=sha256:89f8d42695853b89c7170bd49bc3dc593f98a71e695ede88e06a3b247bc4563b
plotly==7.0.0 \
    --hash=sha256:78cbf7bd06d1b05bb3b8ec1b709864695229b55151b6f7530fbf55517ead6fdd
propcache==0.5.2 \
    --hash=sha256:6f328175a2cde1f0ff2c4ed8ce968b9dcfb55f3a7153f39e2957ed994da13476
protobuf==7.36.0 \
    --hash=sha256:70f5ec8eb0da81a44360c0dc0beac99a0d78071d21956a7076bae8bd2051841b
psutil==7.2.2 \
    --hash=sha256:076a2d2f923fd4821644f5ba89f059523da90dc9014e85f8e45a5774ca5bc6f9
pubchempy==1.0.5 \
    --hash=sha256:e936cfed31fa194042ad463be3c803dde5b12ef2f795caf336e3114127c34fa0
py-cpuinfo==9.0.0 \
    --hash=sha256:859625bc251f64e21f077d099d4162689c762b5d6a4c3c97553d56241c9674d5
pyarrow==25.0.1 \
    --hash=sha256:5389cdf79447ed1515c9e31620e6e1e2302249564d603f2ad727d4f6d313e4c3
pybtex==0.26.1 \
    --hash=sha256:e26c0412cc54f5f21b2a6d9d175762a2d2af9ccf3a8f651cdb89ec035db77aa1
pycparser==3.0 \
    --hash=sha256:b727414169a36b7d524c1c3e31839a521725078d7b2ff038656844266160a992
pydantic==2.13.5 \
    --hash=sha256:346a034f080da3755d8e9cb5e00e8b07de1d39e4f6e2c87d8ab7cafa0b269a73
pydantic-core==2.46.5 \
    --hash=sha256:0fc5be0abd4a407e200d844b404e33639a554e7bd0d448e7b9ae181be4789ac2
pydantic-settings==2.15.0 \
    --hash=sha256:0ba092c291c94baceb5eff768aa0d56400a457585bc0175925a5a5510303da42
pydash==8.0.6 \
    --hash=sha256:ee70a81a5b292c007f28f03a4ee8e75c1f5d7576df5457b836ec7ab2839cc5d0
pygments==2.21.0 \
    --hash=sha256:2363c69b61c4a97c838da3b130dcd6468f4848992b21a82f2a63ec34377137d9
pyjwt==2.13.0 \
    --hash=sha256:66adcc2aff09b3f1bbd95fc1e1577df8ac8723c978552fd43304c8a290ac5728
pymatgen==2025.4.17 \
    --hash=sha256:a745380b4597f9271acb4d434c114842dad00d7bdccd9ac404c81c681342208b
pymatgen-io-validation==0.1.2 \
    --hash=sha256:765cb7f5f98422193d46518792be76ea5683c7093b444088f21dd6d5d217dc65
pymongo==4.16.0 \
    --hash=sha256:dabbf3c14de75a20cc3c30bf0c6527157224a93dfb605838eabb1a2ee3be008d
pynacl==1.6.2 \
    --hash=sha256:c8a231e36ec2cab018c4ad4358c386e36eede0319a0c41fed24f840b1dac59f6
pyparsing==3.3.2 \
    --hash=sha256:850ba148bd908d7e2411587e247a1e4f0327839c40e2e5e6d05a007ecc69911d
python-dateutil==2.9.0.post0 \
    --hash=sha256:a8b2bc7bffae282281c8140a97d3aa9c14da0b136dfe83f850eea9a5f7470427
python-dotenv==1.2.3 \
    --hash=sha256:904552145e8bfed22162c09dab1c2b9b54fefa7b23ba780f4f26ca0316b0f0d9
pytz==2026.3.post1 \
    --hash=sha256:dd95840dd199baea12d9cc096a1d452caa6596a1c1e4b5f3dbd1541855d5e815
pyyaml==6.0.3 \
    --hash=sha256:ba1cc08a7ccde2d2ec775841541641e4548226580ab850948cbfda66a1befcdc
pyzmq==27.2.0 \
    --hash=sha256:dea74fd65f1fc5f7fe167916a473ebe6ed6174e5e5d9de11ea6583661be6cf43
referencing==0.37.0 \
    --hash=sha256:381329a9f99628c9069361716891d34ad94af76e461dcb0335825aecc7692231
requests==2.34.2 \
    --hash=sha256:2a0d60c172f83ac6ab31e4554906c0f3b3588d37b5cb939b1c061f4907e278e0
rich==15.0.0 \
    --hash=sha256:33bd4ef74232fb73fe9279a257718407f169c09b78a87ad3d296f548e27de0bb
rpds-py==2026.6.3 \
    --hash=sha256:ecabd69db66de867690f9797f2f8fa27ba501bbc24540cbdbdc649cd15888ba6
ruamel-yaml==0.19.1 \
    --hash=sha256:27592957fedf6e0b62f281e96effd28043345e0e66001f97683aa9a40c667c93
s3transfer==0.19.2 \
    --hash=sha256:d8168eccca828cbb2cd573675333f3bddd254313a9c42494b84c76b539e8ba25
scikit-learn==1.9.0 \
    --hash=sha256:056c92bb67ad4c28463c2f2653d9701449201e7e7a9e94e321be0f71c4fef2b8
scipy==1.18.1 \
    --hash=sha256:f55fa87b6c612ecd6b058f167c53231b1d14e412efe361d3d6e38b3631c73218
seekpath==2.2.1 \
    --hash=sha256:6351c89dd0f58d5d85dba2d63134cd036d57c777baf2bfb9b5b70ff84fa9b8c1
sentinels==1.1.1 \
    --hash=sha256:835d3b28f3b47f5284afa4bf2db6e00f2dc5f80f9923d4b7e7aeeeccf6146a11
sentry-sdk==2.68.1 \
    --hash=sha256:775b78871783a0ffd758276ad01b3bb2b1ebcdad8f9d2f0a7723f76b73c99b65
setuptools==84.0.0 \
    --hash=sha256:51a52592b3b99e102b609654876bd65f19f999935166d1352678931132b0c670
shellingham==1.5.4 \
    --hash=sha256:7ecfff8f2fd72616f7481040475a65b2bf8af90a56c89140852d1120324e8686
six==1.17.0 \
    --hash=sha256:4721f391ed90541fddacab5acf947aa0d3dc7d27b2e1e8eda2be8970586c3274
spglib==2.7.0 \
    --hash=sha256:6913906fd9108e7bb2ce06a810513a95a82d801530f10230979bf3427bb7e771
symfc==1.7.3 \
    --hash=sha256:c0b8a9e2e798898c5b80671bb06820e272ddc1f00c23247ea6f7bc6fd82a7f16
sympy==1.14.0 \
    --hash=sha256:e091cc3e99d2141a0ba2847328f5479b05d94a6635cb96148ccb3f34671bd8f5
tables==3.11.1 \
    --hash=sha256:1e78fe190fdeb4afe430b79651bae2a4f341904eb85aa8dbafe5f1caee1c7f67
tabulate==0.10.0 \
    --hash=sha256:f0b0622e567335c8fabaaa659f1b33bcb6ddfe2e496071b743aa113f8774f2d3
threadpoolctl==3.6.0 \
    --hash=sha256:43a0b8fd5a2928500110039e43a5eed8480b918967083ea48dc3ab9f13c4a7fb
torch==2.8.0+cpu \
    --hash=sha256:cb9a8ba8137ab24e36bf1742cb79a1294bd374db570f09fc15a5e1318160db4e
torch-ema==0.3 \
    --hash=sha256:823ad8da5c10bc1eebcec739cc3f521aa9573229fe04e5673c304d29f1433279
torch-geometric==2.8.0.post1 \
    --hash=sha256:5d9841cbfa64eadc425e445767127d103dd52fdc5890548c6364986c9bc78029
torch-runstats==0.2.0 \
    --hash=sha256:ba5a5214e1154aac8cca383943e7a9029e412f62e663002ede9c3dd19b947847
torch-sim-atomistic==0.6.1 \
    --hash=sha256:05d919cebbdae48baffc9cb701338c0f48eda1b245a2004ed61ac3dc9071c572
torchaudio==2.8.0+cpu \
    --hash=sha256:9377faee65a290578280ac7f4884c3586253dac2ca28c60f458ff6efe86a6b05
torchmetrics==1.9.0 \
    --hash=sha256:bfdcbff3dd1d96b3374bb2496eb39f23c4b28b8a845b6a18c313688e0d2d9ca1
torchvision==0.23.0+cpu \
    --hash=sha256:ae459d4509d3b837b978dc6c66106601f916b6d2cda75c137e3f5f48324ce1da
tqdm==4.70.0 \
    --hash=sha256:7f585706bfddbdebf89daac705b2dfcc16890130727d3197ca62c732b4310953
typeguard==4.6.0 \
    --hash=sha256:79878165bb86f2cf5d41d159a0ff1792a796cf496882d2fe1b1c6c7049b9cdd7
typer==0.27.2 \
    --hash=sha256:b3a5fc4342d5fc8fda8fc3010b1cf117e9249aab7fae800c2eff62fd3842d97d
typing-extensions==4.16.0 \
    --hash=sha256:481caa481374e813c1b176ada14e97f1f67a4539ce9cfeb3f350d78d6370c2e8
typing-inspection==0.4.4 \
    --hash=sha256:65b8397ba37ccbce054456aaccddfc91e6e3083c92824df348d96ca832f3f147
uncertainties==3.2.3 \
    --hash=sha256:313353900d8f88b283c9bad81e7d2b2d3d4bcc330cbace35403faaed7e78890a
urllib3==2.7.0 \
    --hash=sha256:9fb4c81ebbb1ce9531cce37674bbc6f1360472bc18ca9a553ede278ef7276897
wandb==0.29.0 \
    --hash=sha256:fdfd8845539302d2e3a880bc3d2586c2fd2da9515939cbc69e173d88f9e8c024
warp-lang==1.16.0 \
    --hash=sha256:96449fc1e3b354185e2f09434fb794b5953ab2e8673b104d7e7f48d5d418bb35
wrapt==2.3.0 \
    --hash=sha256:5d221a6e6ddd302b8397433184e96b59f259f50024b854db1c411a881586b6b8
xxhash==4.0.1 \
    --hash=sha256:237b8f63a2a0fcfb1ffc06e21dad23add44e6d354b2b014364a1d41e419a4dee
yarl==1.24.5 \
    --hash=sha256:f08c7513ecef5aad65687bfdf6bc601ae9fccd04a42904501f8f7141abad9eb9
